
Microsoft Visual Studio Solution File, Format Version 12.00
# Visual Studio Version 17
VisualStudioVersion = 17.9.34728.123
MinimumVisualStudioVersion = 10.0.40219.1
Project("{FAE04EC0-301F-11D3-BF4B-00C04F79EFBC}") = "Project1_AdonetCustomer", "Project1_AdonetCustomer\Project1_AdonetCustomer.csproj", "{E51FD463-C1B5-4B4B-BC7B-FFCA8CE36A2C}"
EndProject
Project("{FAE04EC0-301F-11D3-BF4B-00C04F79EFBC}") = "Project2_EntityFrameworkDbFirstProduct", "Project2_EntityFrameworkDbFirstProduct\Project2_EntityFrameworkDbFirstProduct.csproj", "{A9382D25-BC8E-4B5C-8E7F-E13E87CFAD9A}"
EndProject
Project("{FAE04EC0-301F-11D3-BF4B-00C04F79EFBC}") = "Project3_EntityFrameworkStatistics", "Project3_EntityFrameworkStatistics\Project3_EntityFrameworkStatistics.csproj", "{47EE4565-52F2-4E38-A246-8D364580AAE5}"
EndProject
Project("{FAE04EC0-301F-11D3-BF4B-00C04F79EFBC}") = "Project4_EntityFrameworkCodeFirstMovie", "Project4_EntityFrameworkCodeFirstMovie\Project4_EntityFrameworkCodeFirstMovie.csproj", "{23C586F8-2FBA-4422-A7D4-B636533AD35C}"
EndProject
Project("{FAE04EC0-301F-11D3-BF4B-00C04F79EFBC}") = "Project5_DapperNorthwind", "Project5_DapperNorthwind\Project5_DapperNorthwind.csproj", "{E2DD4513-9586-41D2-A3B7-CA511B7A99F3}"
EndProject
Project("{9A19103F-16F7-4668-BE54-9A1E7A4F7556}") = "Project6_ApiWeather", "Project6_ApiWeather\Project6_ApiWeather.csproj", "{46680F88-1B92-45C5-9C7B-9371DBA3EC2B}"
EndProject
Project("{FAE04EC0-301F-11D3-BF4B-00C04F79EFBC}") = "Project7_ApiWeatherConsume", "Project7_ApiWeatherConsume\Project7_ApiWeatherConsume.csproj", "{5FD6AFF3-EF09-443D-BEE3-34C0D424FEF5}"
EndProject
Project("{FAE04EC0-301F-11D3-BF4B-00C04F79EFBC}") = "Project8_RapidApiCurrency", "Project8_RapidApiCurrency\Project8_RapidApiCurrency.csproj", "{E11E7BF5-3480-40E2-8256-A70D09EA3ECF}"
EndProject
Project("{FAE04EC0-301F-11D3-BF4B-00C04F79EFBC}") = "Project9_MongoDbOrder", "Project9_MongoDbOrder\Project9_MongoDbOrder.csproj", "{5AF35E62-7130-4040-98A9-4982524DF279}"
EndProject
Global
	GlobalSection(SolutionConfigurationPlatforms) = preSolution
		Debug|Any CPU = Debug|Any CPU
		Release|Any CPU = Release|Any CPU
	EndGlobalSection
	GlobalSection(ProjectConfigurationPlatforms) = postSolution
		{E51FD463-C1B5-4B4B-BC7B-FFCA8CE36A2C}.Debug|Any CPU.ActiveCfg = Debug|Any CPU
		{E51FD463-C1B5-4B4B-BC7B-FFCA8CE36A2C}.Debug|Any CPU.Build.0 = Debug|Any CPU
		{E51FD463-C1B5-4B4B-BC7B-FFCA8CE36A2C}.Release|Any CPU.ActiveCfg = Release|Any CPU
		{E51FD463-C1B5-4B4B-BC7B-FFCA8CE36A2C}.Release|Any CPU.Build.0 = Release|Any CPU
		{A9382D25-BC8E-4B5C-8E7F-E13E87CFAD9A}.Debug|Any CPU.ActiveCfg = Debug|Any CPU
		{A9382D25-BC8E-4B5C-8E7F-E13E87CFAD9A}.Debug|Any CPU.Build.0 = Debug|Any CPU
		{A9382D25-BC8E-4B5C-8E7F-E13E87CFAD9A}.Release|Any CPU.ActiveCfg = Release|Any CPU
		{A9382D25-BC8E-4B5C-8E7F-E13E87CFAD9A}.Release|Any CPU.Build.0 = Release|Any CPU
		{47EE4565-52F2-4E38-A246-8D364580AAE5}.Debug|Any CPU.ActiveCfg = Debug|Any CPU
		{47EE4565-52F2-4E38-A246-8D364580AAE5}.Debug|Any CPU.Build.0 = Debug|Any CPU
		{47EE4565-52F2-4E38-A246-8D364580AAE5}.Release|Any CPU.ActiveCfg = Release|Any CPU
		{47EE4565-52F2-4E38-A246-8D364580AAE5}.Release|Any CPU.Build.0 = Release|Any CPU
		{23C586F8-2FBA-4422-A7D4-B636533AD35C}.Debug|Any CPU.ActiveCfg = Debug|Any CPU
		{23C586F8-2FBA-4422-A7D4-B636533AD35C}.Debug|Any CPU.Build.0 = Debug|Any CPU
		{23C586F8-2FBA-4422-A7D4-B636533AD35C}.Release|Any CPU.ActiveCfg = Release|Any CPU
		{23C586F8-2FBA-4422-A7D4-B636533AD35C}.Release|Any CPU.Build.0 = Release|Any CPU
		{E2DD4513-9586-41D2-A3B7-CA511B7A99F3}.Debug|Any CPU.ActiveCfg = Debug|Any CPU
		{E2DD4513-9586-41D2-A3B7-CA511B7A99F3}.Debug|Any CPU.Build.0 = Debug|Any CPU
		{E2DD4513-9586-41D2-A3B7-CA511B7A99F3}.Release|Any CPU.ActiveCfg = Release|Any CPU
		{E2DD4513-9586-41D2-A3B7-CA511B7A99F3}.Release|Any CPU.Build.0 = Release|Any CPU
		{46680F88-1B92-45C5-9C7B-9371DBA3EC2B}.Debug|Any CPU.ActiveCfg = Debug|Any CPU
		{46680F88-1B92-45C5-9C7B-9371DBA3EC2B}.Debug|Any CPU.Build.0 = Debug|Any CPU
		{46680F88-1B92-45C5-9C7B-9371DBA3EC2B}.Release|Any CPU.ActiveCfg = Release|Any CPU
		{46680F88-1B92-45C5-9C7B-9371DBA3EC2B}.Release|Any CPU.Build.0 = Release|Any CPU
		{5FD6AFF3-EF09-443D-BEE3-34C0D424FEF5}.Debug|Any CPU.ActiveCfg = Debug|Any CPU
		{5FD6AFF3-EF09-443D-BEE3-34C0D424FEF5}.Debug|Any CPU.Build.0 = Debug|Any CPU
		{5FD6AFF3-EF09-443D-BEE3-34C0D424FEF5}.Release|Any CPU.ActiveCfg = Release|Any CPU
		{5FD6AFF3-EF09-443D-BEE3-34C0D424FEF5}.Release|Any CPU.Build.0 = Release|Any CPU
		{E11E7BF5-3480-40E2-8256-A70D09EA3ECF}.Debug|Any CPU.ActiveCfg = Debug|Any CPU
		{E11E7BF5-3480-40E2-8256-A70D09EA3ECF}.Debug|Any CPU.Build.0 = Debug|Any CPU
		{E11E7BF5-3480-40E2-8256-A70D09EA3ECF}.Release|Any CPU.ActiveCfg = Release|Any CPU
		{E11E7BF5-3480-40E2-8256-A70D09EA3ECF}.Release|Any CPU.Build.0 = Release|Any CPU
		{5AF35E62-7130-4040-98A9-4982524DF279}.Debug|Any CPU.ActiveCfg = Debug|Any CPU
		{5AF35E62-7130-4040-98A9-4982524DF279}.Debug|Any CPU.Build.0 = Debug|Any CPU
		{5AF35E62-7130-4040-98A9-4982524DF279}.Release|Any CPU.ActiveCfg = Release|Any CPU
		{5AF35E62-7130-4040-98A9-4982524DF279}.Release|Any CPU.Build.0 = Release|Any CPU
	EndGlobalSection
	GlobalSection(SolutionProperties) = preSolution
		HideSolutionNode = FALSE
	EndGlobalSection
	GlobalSection(ExtensibilityGlobals) = postSolution
		SolutionGuid = {5B4FD131-63C4-4D32-85F4-211EAC86A8B2}
	EndGlobalSection
EndGlobal
